
Microsoft Visual Studio Solution File, Format Version 12.00
# Visual Studio Version 17
VisualStudioVersion = 17.4.33213.308
MinimumVisualStudioVersion = 10.0.40219.1
Project("{9A19103F-16F7-4668-BE54-9A1E7A4F7556}") = "sampleapi", "sampleapi.csproj", "{D6449646-535B-4C6B-80E4-96932A0507D2}"
EndProject
Project("{2150E333-8FDC-42A3-9474-1A3956D46DE8}") = "Solution Items", "Solution Items", "{3A0D12FA-5238-4D31-AEE2-8E63562EC31D}"
	ProjectSection(SolutionItems) = preProject
		.editorconfig = .editorconfig
	EndProjectSection
EndProject
Global
	GlobalSection(SolutionConfigurationPlatforms) = preSolution
		Debug|Any CPU = Debug|Any CPU
		Release|Any CPU = Release|Any CPU
	EndGlobalSection
	GlobalSection(ProjectConfigurationPlatforms) = postSolution
		{D6449646-535B-4C6B-80E4-96932A0507D2}.Debug|Any CPU.ActiveCfg = Debug|Any CPU
		{D6449646-535B-4C6B-80E4-96932A0507D2}.Debug|Any CPU.Build.0 = Debug|Any CPU
		{D6449646-535B-4C6B-80E4-96932A0507D2}.Release|Any CPU.ActiveCfg = Release|Any CPU
		{D6449646-535B-4C6B-80E4-96932A0507D2}.Release|Any CPU.Build.0 = Release|Any CPU
	EndGlobalSection
	GlobalSection(SolutionProperties) = preSolution
		HideSolutionNode = FALSE
	EndGlobalSection
	GlobalSection(ExtensibilityGlobals) = postSolution
		SolutionGuid = {752AD8DA-1F68-42D8-B62C-55C0A37B70E3}
	EndGlobalSection
EndGlobal
